
Microsoft Visual Studio Solution File, Format Version 12.00
# Visual Studio Version 16
VisualStudioVersion = 16.0.29503.13
MinimumVisualStudioVersion = 10.0.40219.1
Project("{00D1A9C2-B5F0-4AF3-8072-F6C62B433612}") = "lab4_2", "lab4_2\lab4_2.sqlproj", "{D7F77734-4D56-49A1-B5B9-AC412E90DC65}"
EndProject
Global
	GlobalSection(SolutionConfigurationPlatforms) = preSolution
		Debug|Any CPU = Debug|Any CPU
		Release|Any CPU = Release|Any CPU
	EndGlobalSection
	GlobalSection(ProjectConfigurationPlatforms) = postSolution
		{D7F77734-4D56-49A1-B5B9-AC412E90DC65}.Debug|Any CPU.ActiveCfg = Debug|Any CPU
		{D7F77734-4D56-49A1-B5B9-AC412E90DC65}.Debug|Any CPU.Build.0 = Debug|Any CPU
		{D7F77734-4D56-49A1-B5B9-AC412E90DC65}.Debug|Any CPU.Deploy.0 = Debug|Any CPU
		{D7F77734-4D56-49A1-B5B9-AC412E90DC65}.Release|Any CPU.ActiveCfg = Release|Any CPU
		{D7F77734-4D56-49A1-B5B9-AC412E90DC65}.Release|Any CPU.Build.0 = Release|Any CPU
		{D7F77734-4D56-49A1-B5B9-AC412E90DC65}.Release|Any CPU.Deploy.0 = Release|Any CPU
	EndGlobalSection
	GlobalSection(SolutionProperties) = preSolution
		HideSolutionNode = FALSE
	EndGlobalSection
	GlobalSection(ExtensibilityGlobals) = postSolution
		SolutionGuid = {F05ACFA9-681D-49F8-BDC4-120618214F8B}
	EndGlobalSection
EndGlobal
